
Microsoft Visual Studio Solution File, Format Version 12.00
# Visual Studio Version 17
VisualStudioVersion = 17.7.34221.43
MinimumVisualStudioVersion = 10.0.40219.1
Project("{FAE04EC0-301F-11D3-BF4B-00C04F79EFBC}") = "Bai1", "Bai1\Bai1.csproj", "{CEB1CFDA-04D2-44BC-9B69-CEC1C7A9D7BA}"
EndProject
Global
	GlobalSection(SolutionConfigurationPlatforms) = preSolution
		Debug|Any CPU = Debug|Any CPU
		Release|Any CPU = Release|Any CPU
	EndGlobalSection
	GlobalSection(ProjectConfigurationPlatforms) = postSolution
		{CEB1CFDA-04D2-44BC-9B69-CEC1C7A9D7BA}.Debug|Any CPU.ActiveCfg = Debug|Any CPU
		{CEB1CFDA-04D2-44BC-9B69-CEC1C7A9D7BA}.Debug|Any CPU.Build.0 = Debug|Any CPU
		{CEB1CFDA-04D2-44BC-9B69-CEC1C7A9D7BA}.Release|Any CPU.ActiveCfg = Release|Any CPU
		{CEB1CFDA-04D2-44BC-9B69-CEC1C7A9D7BA}.Release|Any CPU.Build.0 = Release|Any CPU
	EndGlobalSection
	GlobalSection(SolutionProperties) = preSolution
		HideSolutionNode = FALSE
	EndGlobalSection
	GlobalSection(ExtensibilityGlobals) = postSolution
		SolutionGuid = {D8552F34-C6A8-4581-B4D7-8AABF6437E50}
	EndGlobalSection
EndGlobal
